Microsoft Visual Studio Solution File, Format Version 12.00
# Visual Studio 14
VisualStudioVersion = 14.0.24720.0
MinimumVisualStudioVersion = 10.0.40219.1
Project("{2150E333-8FDC-42A3-9474-1A3956D46DE8}") = "src", "src", "{28D05719-6DC4-4962-BC7E-75F9C72E695C}"
EndProject
Project("{FAE04EC0-301F-11D3-BF4B-00C04F79EFBC}") = "Microsoft.WindowsAzure.Mobile", "src\Microsoft.WindowsAzure.MobileServices\Microsoft.WindowsAzure.Mobile.csproj", "{75557793-E36E-4190-8714-5BD2665859FB}"
EndProject
Project("{FAE04EC0-301F-11D3-BF4B-00C04F79EFBC}") = "Microsoft.WindowsAzure.Mobile.SQLiteStore", "src\Microsoft.WindowsAzure.MobileServices.SQLiteStore\Microsoft.WindowsAzure.Mobile.SQLiteStore.csproj", "{4C20D49A-FE5E-4D9C-98B9-8125450074F5}"
EndProject
Project("{FAE04EC0-301F-11D3-BF4B-00C04F79EFBC}") = "Microsoft.WindowsAzure.MobileServices.SQLiteAsyncStore", "src\Microsoft.WindowsAzure.Mobile.SQLiteAsyncStore\Microsoft.WindowsAzure.MobileServices.SQLiteAsyncStore.csproj", "{62E2D282-A258-439E-8746-8280D2016B53}"
EndProject
Global
	GlobalSection(SolutionConfigurationPlatforms) = preSolution
		AppStore|Any CPU = AppStore|Any CPU
		AppStore|ARM = AppStore|ARM
		AppStore|iPhone = AppStore|iPhone
		AppStore|iPhoneSimulator = AppStore|iPhoneSimulator
		AppStore|Mixed Platforms = AppStore|Mixed Platforms
		AppStore|x64 = AppStore|x64
		AppStore|x86 = AppStore|x86
		Debug|Any CPU = Debug|Any CPU
		Debug|ARM = Debug|ARM
		Debug|iPhone = Debug|iPhone
		Debug|iPhoneSimulator = Debug|iPhoneSimulator
		Debug|Mixed Platforms = Debug|Mixed Platforms
		Debug|x64 = Debug|x64
		Debug|x86 = Debug|x86
		Release|Any CPU = Release|Any CPU
		Release|ARM = Release|ARM
		Release|iPhone = Release|iPhone
		Release|iPhoneSimulator = Release|iPhoneSimulator
		Release|Mixed Platforms = Release|Mixed Platforms
		Release|x64 = Release|x64
		Release|x86 = Release|x86
		SdkRel|Any CPU = SdkRel|Any CPU
		SdkRel|ARM = SdkRel|ARM
		SdkRel|iPhone = SdkRel|iPhone
		SdkRel|iPhoneSimulator = SdkRel|iPhoneSimulator
		SdkRel|Mixed Platforms = SdkRel|Mixed Platforms
		SdkRel|x64 = SdkRel|x64
		SdkRel|x86 = SdkRel|x86
		Signed|Any CPU = Signed|Any CPU
		Signed|ARM = Signed|ARM
		Signed|iPhone = Signed|iPhone
		Signed|iPhoneSimulator = Signed|iPhoneSimulator
		Signed|Mixed Platforms = Signed|Mixed Platforms
		Signed|x64 = Signed|x64
		Signed|x86 = Signed|x86
	EndGlobalSection
	GlobalSection(ProjectConfigurationPlatforms) = postSolution
		{75557793-E36E-4190-8714-5BD2665859FB}.AppStore|Any CPU.ActiveCfg = Release|Any CPU
		{75557793-E36E-4190-8714-5BD2665859FB}.AppStore|Any CPU.Build.0 = Release|Any CPU
		{75557793-E36E-4190-8714-5BD2665859FB}.AppStore|ARM.ActiveCfg = Release|Any CPU
		{75557793-E36E-4190-8714-5BD2665859FB}.AppStore|iPhone.ActiveCfg = Release|Any CPU
		{75557793-E36E-4190-8714-5BD2665859FB}.AppStore|iPhoneSimulator.ActiveCfg = Release|Any CPU
		{75557793-E36E-4190-8714-5BD2665859FB}.AppStore|Mixed Platforms.ActiveCfg = Release|Any CPU
		{75557793-E36E-4190-8714-5BD2665859FB}.AppStore|Mixed Platforms.Build.0 = Release|Any CPU
		{75557793-E36E-4190-8714-5BD2665859FB}.AppStore|x64.ActiveCfg = Release|Any CPU
		{75557793-E36E-4190-8714-5BD2665859FB}.AppStore|x86.ActiveCfg = Release|Any CPU
		{75557793-E36E-4190-8714-5BD2665859FB}.Debug|Any CPU.ActiveCfg = Debug|Any CPU
		{75557793-E36E-4190-8714-5BD2665859FB}.Debug|Any CPU.Build.0 = Debug|Any CPU
		{75557793-E36E-4190-8714-5BD2665859FB}.Debug|ARM.ActiveCfg = Debug|Any CPU
		{75557793-E36E-4190-8714-5BD2665859FB}.Debug|iPhone.ActiveCfg = Debug|Any CPU
		{75557793-E36E-4190-8714-5BD2665859FB}.Debug|iPhoneSimulator.ActiveCfg = Debug|Any CPU
		{75557793-E36E-4190-8714-5BD2665859FB}.Debug|Mixed Platforms.ActiveCfg = Debug|Any CPU
		{75557793-E36E-4190-8714-5BD2665859FB}.Debug|Mixed Platforms.Build.0 = Debug|Any CPU
		{75557793-E36E-4190-8714-5BD2665859FB}.Debug|x64.ActiveCfg = Debug|Any CPU
		{75557793-E36E-4190-8714-5BD2665859FB}.Debug|x86.ActiveCfg = Debug|Any CPU
		{75557793-E36E-4190-8714-5BD2665859FB}.Release|Any CPU.ActiveCfg = Release|Any CPU
		{75557793-E36E-4190-8714-5BD2665859FB}.Release|Any CPU.Build.0 = Release|Any CPU
		{75557793-E36E-4190-8714-5BD2665859FB}.Release|ARM.ActiveCfg = Release|Any CPU
		{75557793-E36E-4190-8714-5BD2665859FB}.Release|iPhone.ActiveCfg = Release|Any CPU
		{75557793-E36E-4190-8714-5BD2665859FB}.Release|iPhoneSimulator.ActiveCfg = Release|Any CPU
		{75557793-E36E-4190-8714-5BD2665859FB}.Release|Mixed Platforms.ActiveCfg = Release|Any CPU
		{75557793-E36E-4190-8714-5BD2665859FB}.Release|Mixed Platforms.Build.0 = Release|Any CPU
		{75557793-E36E-4190-8714-5BD2665859FB}.Release|x64.ActiveCfg = Release|Any CPU
		{75557793-E36E-4190-8714-5BD2665859FB}.Release|x86.ActiveCfg = Release|Any CPU
		{75557793-E36E-4190-8714-5BD2665859FB}.SdkRel|Any CPU.ActiveCfg = Release|Any CPU
		{75557793-E36E-4190-8714-5BD2665859FB}.SdkRel|Any CPU.Build.0 = Release|Any CPU
		{75557793-E36E-4190-8714-5BD2665859FB}.SdkRel|ARM.ActiveCfg = Release|Any CPU
		{75557793-E36E-4190-8714-5BD2665859FB}.SdkRel|iPhone.ActiveCfg = Release|Any CPU
		{75557793-E36E-4190-8714-5BD2665859FB}.SdkRel|iPhoneSimulator.ActiveCfg = Release|Any CPU
		{75557793-E36E-4190-8714-5BD2665859FB}.SdkRel|Mixed Platforms.ActiveCfg = Release|Any CPU
		{75557793-E36E-4190-8714-5BD2665859FB}.SdkRel|Mixed Platforms.Build.0 = Release|Any CPU
		{75557793-E36E-4190-8714-5BD2665859FB}.SdkRel|x64.ActiveCfg = Release|Any CPU
		{75557793-E36E-4190-8714-5BD2665859FB}.SdkRel|x86.ActiveCfg = Release|Any CPU
		{75557793-E36E-4190-8714-5BD2665859FB}.Signed|Any CPU.ActiveCfg = Release|Any CPU
		{75557793-E36E-4190-8714-5BD2665859FB}.Signed|Any CPU.Build.0 = Release|Any CPU
		{75557793-E36E-4190-8714-5BD2665859FB}.Signed|ARM.ActiveCfg = Release|Any CPU
		{75557793-E36E-4190-8714-5BD2665859FB}.Signed|iPhone.ActiveCfg = Release|Any CPU
		{75557793-E36E-4190-8714-5BD2665859FB}.Signed|iPhoneSimulator.ActiveCfg = Release|Any CPU
		{75557793-E36E-4190-8714-5BD2665859FB}.Signed|Mixed Platforms.ActiveCfg = Release|Any CPU
		{75557793-E36E-4190-8714-5BD2665859FB}.Signed|Mixed Platforms.Build.0 = Release|Any CPU
		{75557793-E36E-4190-8714-5BD2665859FB}.Signed|x64.ActiveCfg = Release|Any CPU
		{75557793-E36E-4190-8714-5BD2665859FB}.Signed|x86.ActiveCfg = Release|Any CPU
		{4C20D49A-FE5E-4D9C-98B9-8125450074F5}.AppStore|Any CPU.ActiveCfg = Release|Any CPU
		{4C20D49A-FE5E-4D9C-98B9-8125450074F5}.AppStore|Any CPU.Build.0 = Release|Any CPU
		{4C20D49A-FE5E-4D9C-98B9-8125450074F5}.AppStore|ARM.ActiveCfg = Release|Any CPU
		{4C20D49A-FE5E-4D9C-98B9-8125450074F5}.AppStore|iPhone.ActiveCfg = Release|Any CPU
		{4C20D49A-FE5E-4D9C-98B9-8125450074F5}.AppStore|iPhoneSimulator.ActiveCfg = Release|Any CPU
		{4C20D49A-FE5E-4D9C-98B9-8125450074F5}.AppStore|Mixed Platforms.ActiveCfg = Release|Any CPU
		{4C20D49A-FE5E-4D9C-98B9-8125450074F5}.AppStore|Mixed Platforms.Build.0 = Release|Any CPU
		{4C20D49A-FE5E-4D9C-98B9-8125450074F5}.AppStore|x64.ActiveCfg = Release|Any CPU
		{4C20D49A-FE5E-4D9C-98B9-8125450074F5}.AppStore|x86.ActiveCfg = Release|Any CPU
		{4C20D49A-FE5E-4D9C-98B9-8125450074F5}.Debug|Any CPU.ActiveCfg = Debug|Any CPU
		{4C20D49A-FE5E-4D9C-98B9-8125450074F5}.Debug|Any CPU.Build.0 = Debug|Any CPU
		{4C20D49A-FE5E-4D9C-98B9-8125450074F5}.Debug|ARM.ActiveCfg = Debug|Any CPU
		{4C20D49A-FE5E-4D9C-98B9-8125450074F5}.Debug|iPhone.ActiveCfg = Debug|Any CPU
		{4C20D49A-FE5E-4D9C-98B9-8125450074F5}.Debug|iPhoneSimulator.ActiveCfg = Debug|Any CPU
		{4C20D49A-FE5E-4D9C-98B9-8125450074F5}.Debug|Mixed Platforms.ActiveCfg = Debug|Any CPU
		{4C20D49A-FE5E-4D9C-98B9-8125450074F5}.Debug|Mixed Platforms.Build.0 = Debug|Any CPU
		{4C20D49A-FE5E-4D9C-98B9-8125450074F5}.Debug|x64.ActiveCfg = Debug|Any CPU
		{4C20D49A-FE5E-4D9C-98B9-8125450074F5}.Debug|x86.ActiveCfg = Debug|Any CPU
		{4C20D49A-FE5E-4D9C-98B9-8125450074F5}.Release|Any CPU.ActiveCfg = Release|Any CPU
		{4C20D49A-FE5E-4D9C-98B9-8125450074F5}.Release|Any CPU.Build.0 = Release|Any CPU
		{4C20D49A-FE5E-4D9C-98B9-8125450074F5}.Release|ARM.ActiveCfg = Release|Any CPU
		{4C20D49A-FE5E-4D9C-98B9-8125450074F5}.Release|iPhone.ActiveCfg = Release|Any CPU
		{4C20D49A-FE5E-4D9C-98B9-8125450074F5}.Release|iPhoneSimulator.ActiveCfg = Release|Any CPU
		{4C20D49A-FE5E-4D9C-98B9-8125450074F5}.Release|Mixed Platforms.ActiveCfg = Release|Any CPU
		{4C20D49A-FE5E-4D9C-98B9-8125450074F5}.Release|Mixed Platforms.Build.0 = Release|Any CPU
		{4C20D49A-FE5E-4D9C-98B9-8125450074F5}.Release|x64.ActiveCfg = Release|Any CPU
		{4C20D49A-FE5E-4D9C-98B9-8125450074F5}.Release|x86.ActiveCfg = Release|Any CPU
		{4C20D49A-FE5E-4D9C-98B9-8125450074F5}.SdkRel|Any CPU.ActiveCfg = Release|Any CPU
		{4C20D49A-FE5E-4D9C-98B9-8125450074F5}.SdkRel|Any CPU.Build.0 = Release|Any CPU
		{4C20D49A-FE5E-4D9C-98B9-8125450074F5}.SdkRel|ARM.ActiveCfg = Release|Any CPU
		{4C20D49A-FE5E-4D9C-98B9-8125450074F5}.SdkRel|iPhone.ActiveCfg = Release|Any CPU
		{4C20D49A-FE5E-4D9C-98B9-8125450074F5}.SdkRel|iPhoneSimulator.ActiveCfg = Release|Any CPU
		{4C20D49A-FE5E-4D9C-98B9-8125450074F5}.SdkRel|Mixed Platforms.ActiveCfg = Release|Any CPU
		{4C20D49A-FE5E-4D9C-98B9-8125450074F5}.SdkRel|Mixed Platforms.Build.0 = Release|Any CPU
		{4C20D49A-FE5E-4D9C-98B9-8125450074F5}.SdkRel|x64.ActiveCfg = Release|Any CPU
		{4C20D49A-FE5E-4D9C-98B9-8125450074F5}.SdkRel|x86.ActiveCfg = Release|Any CPU
		{4C20D49A-FE5E-4D9C-98B9-8125450074F5}.Signed|Any CPU.ActiveCfg = Release|Any CPU
		{4C20D49A-FE5E-4D9C-98B9-8125450074F5}.Signed|Any CPU.Build.0 = Release|Any CPU
		{4C20D49A-FE5E-4D9C-98B9-8125450074F5}.Signed|ARM.ActiveCfg = Release|Any CPU
		{4C20D49A-FE5E-4D9C-98B9-8125450074F5}.Signed|iPhone.ActiveCfg = Release|Any CPU
		{4C20D49A-FE5E-4D9C-98B9-8125450074F5}.Signed|iPhoneSimulator.ActiveCfg = Release|Any CPU
		{4C20D49A-FE5E-4D9C-98B9-8125450074F5}.Signed|Mixed Platforms.ActiveCfg = Release|Any CPU
		{4C20D49A-FE5E-4D9C-98B9-8125450074F5}.Signed|Mixed Platforms.Build.0 = Release|Any CPU
		{4C20D49A-FE5E-4D9C-98B9-8125450074F5}.Signed|x64.ActiveCfg = Release|Any CPU
		{4C20D49A-FE5E-4D9C-98B9-8125450074F5}.Signed|x86.ActiveCfg = Release|Any CPU
		{62E2D282-A258-439E-8746-8280D2016B53}.AppStore|Any CPU.ActiveCfg = Release|Any CPU
		{62E2D282-A258-439E-8746-8280D2016B53}.AppStore|Any CPU.Build.0 = Release|Any CPU
		{62E2D282-A258-439E-8746-8280D2016B53}.AppStore|ARM.ActiveCfg = Release|Any CPU
		{62E2D282-A258-439E-8746-8280D2016B53}.AppStore|ARM.Build.0 = Release|Any CPU
		{62E2D282-A258-439E-8746-8280D2016B53}.AppStore|iPhone.ActiveCfg = Release|Any CPU
		{62E2D282-A258-439E-8746-8280D2016B53}.AppStore|iPhone.Build.0 = Release|Any CPU
		{62E2D282-A258-439E-8746-8280D2016B53}.AppStore|iPhoneSimulator.ActiveCfg = Release|Any CPU
		{62E2D282-A258-439E-8746-8280D2016B53}.AppStore|iPhoneSimulator.Build.0 = Release|Any CPU
		{62E2D282-A258-439E-8746-8280D2016B53}.AppStore|Mixed Platforms.ActiveCfg = Release|Any CPU
		{62E2D282-A258-439E-8746-8280D2016B53}.AppStore|Mixed Platforms.Build.0 = Release|Any CPU
		{62E2D282-A258-439E-8746-8280D2016B53}.AppStore|x64.ActiveCfg = Release|Any CPU
		{62E2D282-A258-439E-8746-8280D2016B53}.AppStore|x64.Build.0 = Release|Any CPU
		{62E2D282-A258-439E-8746-8280D2016B53}.AppStore|x86.ActiveCfg = Release|Any CPU
		{62E2D282-A258-439E-8746-8280D2016B53}.AppStore|x86.Build.0 = Release|Any CPU
		{62E2D282-A258-439E-8746-8280D2016B53}.Debug|Any CPU.ActiveCfg = Debug|Any CPU
		{62E2D282-A258-439E-8746-8280D2016B53}.Debug|Any CPU.Build.0 = Debug|Any CPU
		{62E2D282-A258-439E-8746-8280D2016B53}.Debug|ARM.ActiveCfg = Debug|Any CPU
		{62E2D282-A258-439E-8746-8280D2016B53}.Debug|ARM.Build.0 = Debug|Any CPU
		{62E2D282-A258-439E-8746-8280D2016B53}.Debug|iPhone.ActiveCfg = Debug|Any CPU
		{62E2D282-A258-439E-8746-8280D2016B53}.Debug|iPhone.Build.0 = Debug|Any CPU
		{62E2D282-A258-439E-8746-8280D2016B53}.Debug|iPhoneSimulator.ActiveCfg = Debug|Any CPU
		{62E2D282-A258-439E-8746-8280D2016B53}.Debug|iPhoneSimulator.Build.0 = Debug|Any CPU
		{62E2D282-A258-439E-8746-8280D2016B53}.Debug|Mixed Platforms.ActiveCfg = Debug|Any CPU
		{62E2D282-A258-439E-8746-8280D2016B53}.Debug|Mixed Platforms.Build.0 = Debug|Any CPU
		{62E2D282-A258-439E-8746-8280D2016B53}.Debug|x64.ActiveCfg = Debug|Any CPU
		{62E2D282-A258-439E-8746-8280D2016B53}.Debug|x64.Build.0 = Debug|Any CPU
		{62E2D282-A258-439E-8746-8280D2016B53}.Debug|x86.ActiveCfg = Debug|Any CPU
		{62E2D282-A258-439E-8746-8280D2016B53}.Debug|x86.Build.0 = Debug|Any CPU
		{62E2D282-A258-439E-8746-8280D2016B53}.Release|Any CPU.ActiveCfg = Release|Any CPU
		{62E2D282-A258-439E-8746-8280D2016B53}.Release|Any CPU.Build.0 = Release|Any CPU
		{62E2D282-A258-439E-8746-8280D2016B53}.Release|ARM.ActiveCfg = Release|Any CPU
		{62E2D282-A258-439E-8746-8280D2016B53}.Release|ARM.Build.0 = Release|Any CPU
		{62E2D282-A258-439E-8746-8280D2016B53}.Release|iPhone.ActiveCfg = Release|Any CPU
		{62E2D282-A258-439E-8746-8280D2016B53}.Release|iPhone.Build.0 = Release|Any CPU
		{62E2D282-A258-439E-8746-8280D2016B53}.Release|iPhoneSimulator.ActiveCfg = Release|Any CPU
		{62E2D282-A258-439E-8746-8280D2016B53}.Release|iPhoneSimulator.Build.0 = Release|Any CPU
		{62E2D282-A258-439E-8746-8280D2016B53}.Release|Mixed Platforms.ActiveCfg = Release|Any CPU
		{62E2D282-A258-439E-8746-8280D2016B53}.Release|Mixed Platforms.Build.0 = Release|Any CPU
		{62E2D282-A258-439E-8746-8280D2016B53}.Release|x64.ActiveCfg = Release|Any CPU
		{62E2D282-A258-439E-8746-8280D2016B53}.Release|x64.Build.0 = Release|Any CPU
		{62E2D282-A258-439E-8746-8280D2016B53}.Release|x86.ActiveCfg = Release|Any CPU
		{62E2D282-A258-439E-8746-8280D2016B53}.Release|x86.Build.0 = Release|Any CPU
		{62E2D282-A258-439E-8746-8280D2016B53}.SdkRel|Any CPU.ActiveCfg = Release|Any CPU
		{62E2D282-A258-439E-8746-8280D2016B53}.SdkRel|Any CPU.Build.0 = Release|Any CPU
		{62E2D282-A258-439E-8746-8280D2016B53}.SdkRel|ARM.ActiveCfg = Release|Any CPU
		{62E2D282-A258-439E-8746-8280D2016B53}.SdkRel|ARM.Build.0 = Release|Any CPU
		{62E2D282-A258-439E-8746-8280D2016B53}.SdkRel|iPhone.ActiveCfg = Release|Any CPU
		{62E2D282-A258-439E-8746-8280D2016B53}.SdkRel|iPhone.Build.0 = Release|Any CPU
		{62E2D282-A258-439E-8746-8280D2016B53}.SdkRel|iPhoneSimulator.ActiveCfg = Release|Any CPU
		{62E2D282-A258-439E-8746-8280D2016B53}.SdkRel|iPhoneSimulator.Build.0 = Release|Any CPU
		{62E2D282-A258-439E-8746-8280D2016B53}.SdkRel|Mixed Platforms.ActiveCfg = Release|Any CPU
		{62E2D282-A258-439E-8746-8280D2016B53}.SdkRel|Mixed Platforms.Build.0 = Release|Any CPU
		{62E2D282-A258-439E-8746-8280D2016B53}.SdkRel|x64.ActiveCfg = Release|Any CPU
		{62E2D282-A258-439E-8746-8280D2016B53}.SdkRel|x64.Build.0 = Release|Any CPU
		{62E2D282-A258-439E-8746-8280D2016B53}.SdkRel|x86.ActiveCfg = Release|Any CPU
		{62E2D282-A258-439E-8746-8280D2016B53}.SdkRel|x86.Build.0 = Release|Any CPU
		{62E2D282-A258-439E-8746-8280D2016B53}.Signed|Any CPU.ActiveCfg = Release|Any CPU
		{62E2D282-A258-439E-8746-8280D2016B53}.Signed|Any CPU.Build.0 = Release|Any CPU
		{62E2D282-A258-439E-8746-8280D2016B53}.Signed|ARM.ActiveCfg = Release|Any CPU
		{62E2D282-A258-439E-8746-8280D2016B53}.Signed|ARM.Build.0 = Release|Any CPU
		{62E2D282-A258-439E-8746-8280D2016B53}.Signed|iPhone.ActiveCfg = Release|Any CPU
		{62E2D282-A258-439E-8746-8280D2016B53}.Signed|iPhone.Build.0 = Release|Any CPU
		{62E2D282-A258-439E-8746-8280D2016B53}.Signed|iPhoneSimulator.ActiveCfg = Release|Any CPU
		{62E2D282-A258-439E-8746-8280D2016B53}.Signed|iPhoneSimulator.Build.0 = Release|Any CPU
		{62E2D282-A258-439E-8746-8280D2016B53}.Signed|Mixed Platforms.ActiveCfg = Release|Any CPU
		{62E2D282-A258-439E-8746-8280D2016B53}.Signed|Mixed Platforms.Build.0 = Release|Any CPU
		{62E2D282-A258-439E-8746-8280D2016B53}.Signed|x64.ActiveCfg = Release|Any CPU
		{62E2D282-A258-439E-8746-8280D2016B53}.Signed|x64.Build.0 = Release|Any CPU
		{62E2D282-A258-439E-8746-8280D2016B53}.Signed|x86.ActiveCfg = Release|Any CPU
		{62E2D282-A258-439E-8746-8280D2016B53}.Signed|x86.Build.0 = Release|Any CPU
	EndGlobalSection
	GlobalSection(SolutionProperties) = preSolution
		HideSolutionNode = FALSE
	EndGlobalSection
	GlobalSection(NestedProjects) = preSolution
		{75557793-E36E-4190-8714-5BD2665859FB} = {28D05719-6DC4-4962-BC7E-75F9C72E695C}
		{4C20D49A-FE5E-4D9C-98B9-8125450074F5} = {28D05719-6DC4-4962-BC7E-75F9C72E695C}
		{62E2D282-A258-439E-8746-8280D2016B53} = {28D05719-6DC4-4962-BC7E-75F9C72E695C}
	EndGlobalSection
EndGlobal
